# This file was autogenerated by Stack.
# You should not edit this file by hand.
# For more information, please see the documentation at:
#   https://docs.haskellstack.org/en/stable/lock_files

packages:
- completed:
    hackage: qq-literals-0.1.0.1@sha256:7ecb5f0618b512427a688dd117723de022977d41f3e5a64aa7bb596923600175,1528
    pantry-tree:
      size: 377
      sha256: c6f0baafb886aaec78ea945937ff7fa4773e496ece105687e3b3a8b584ec9b06
  original:
    hackage: qq-literals-0.1.0.1
snapshots:
- completed:
    size: 565712
    url: https://raw.githubusercontent.com/commercialhaskell/stackage-snapshots/master/lts/17/6.yaml
    sha256: 4e5e581a709c88e3fe26a9ce8bf331435729bead762fb5c190064c6c5bb1b835
  original: lts-17.6
