# This file was autogenerated by Stack.
# You should not edit this file by hand.
# For more information, please see the documentation at:
#   https://docs.haskellstack.org/en/stable/lock_files

packages:
- completed:
    hackage: qq-literals-0.1.0.1@sha256:7ecb5f0618b512427a688dd117723de022977d41f3e5a64aa7bb596923600175,1528
    pantry-tree:
      size: 377
      sha256: c6f0baafb886aaec78ea945937ff7fa4773e496ece105687e3b3a8b584ec9b06
  original:
    hackage: qq-literals-0.1.0.1
- completed:
    hackage: jsonpath-0.1.0.1@sha256:6d4c35ea30f0b7e1653b9c4b5690fcfe32567754ca5495dc949c014047afa307,2331
    pantry-tree:
      size: 1097
      sha256: 05da2148dbb5d4ba654da699325a6dab54f53e80c96c5be6b30f0752aed5d315
  original:
    hackage: jsonpath-0.1.0.1
snapshots:
- completed:
    size: 491372
    url: https://raw.githubusercontent.com/commercialhaskell/stackage-snapshots/master/lts/15/5.yaml
    sha256: 1b549cfff328040c382a70a84a2087aac8dab6d778bf92f32a93a771a1980dfc
  original: lts-15.5
